
Microsoft Visual Studio Solution File, Format Version 12.00
# Visual Studio Version 17
VisualStudioVersion = 17.13.35825.156
MinimumVisualStudioVersion = 10.0.40219.1
Project("{FAE04EC0-301F-11D3-BF4B-00C04F79EFBC}") = "Calculdora.ConsoleApp", "Calculdora.ConsoleApp\Calculdora.ConsoleApp.csproj", "{8754FC11-9041-4863-9B14-EA3F536B844B}"
EndProject
Global
	GlobalSection(SolutionConfigurationPlatforms) = preSolution
		Debug|Any CPU = Debug|Any CPU
		Release|Any CPU = Release|Any CPU
	EndGlobalSection
	GlobalSection(ProjectConfigurationPlatforms) = postSolution
		{8754FC11-9041-4863-9B14-EA3F536B844B}.Debug|Any CPU.ActiveCfg = Debug|Any CPU
		{8754FC11-9041-4863-9B14-EA3F536B844B}.Debug|Any CPU.Build.0 = Debug|Any CPU
		{8754FC11-9041-4863-9B14-EA3F536B844B}.Release|Any CPU.ActiveCfg = Release|Any CPU
		{8754FC11-9041-4863-9B14-EA3F536B844B}.Release|Any CPU.Build.0 = Release|Any CPU
	EndGlobalSection
	GlobalSection(SolutionProperties) = preSolution
		HideSolutionNode = FALSE
	EndGlobalSection
	GlobalSection(ExtensibilityGlobals) = postSolution
		SolutionGuid = {14CDF54C-E08C-4AAE-AB41-10DD99EA2917}
	EndGlobalSection
EndGlobal
